
Microsoft Visual Studio Solution File, Format Version 12.00
# Visual Studio Version 17
VisualStudioVersion = 17.0.31903.59
MinimumVisualStudioVersion = 10.0.40219.1
Project("{FAE04EC0-301F-11D3-BF4B-00C04F79EFBC}") = "task11", "task11\task11.csproj", "{6340A649-1A11-4FBE-8A42-5AD2AE3FBBDD}"
EndProject
Project("{FAE04EC0-301F-11D3-BF4B-00C04F79EFBC}") = "task11tests", "task11tests\task11tests.csproj", "{3BC11767-736D-46DD-844E-8BF198CBAD9A}"
EndProject
Global
	GlobalSection(SolutionConfigurationPlatforms) = preSolution
		Debug|Any CPU = Debug|Any CPU
		Debug|x64 = Debug|x64
		Debug|x86 = Debug|x86
		Release|Any CPU = Release|Any CPU
		Release|x64 = Release|x64
		Release|x86 = Release|x86
	EndGlobalSection
	GlobalSection(ProjectConfigurationPlatforms) = postSolution
		{6340A649-1A11-4FBE-8A42-5AD2AE3FBBDD}.Debug|Any CPU.ActiveCfg = Debug|Any CPU
		{6340A649-1A11-4FBE-8A42-5AD2AE3FBBDD}.Debug|Any CPU.Build.0 = Debug|Any CPU
		{6340A649-1A11-4FBE-8A42-5AD2AE3FBBDD}.Debug|x64.ActiveCfg = Debug|Any CPU
		{6340A649-1A11-4FBE-8A42-5AD2AE3FBBDD}.Debug|x64.Build.0 = Debug|Any CPU
		{6340A649-1A11-4FBE-8A42-5AD2AE3FBBDD}.Debug|x86.ActiveCfg = Debug|Any CPU
		{6340A649-1A11-4FBE-8A42-5AD2AE3FBBDD}.Debug|x86.Build.0 = Debug|Any CPU
		{6340A649-1A11-4FBE-8A42-5AD2AE3FBBDD}.Release|Any CPU.ActiveCfg = Release|Any CPU
		{6340A649-1A11-4FBE-8A42-5AD2AE3FBBDD}.Release|Any CPU.Build.0 = Release|Any CPU
		{6340A649-1A11-4FBE-8A42-5AD2AE3FBBDD}.Release|x64.ActiveCfg = Release|Any CPU
		{6340A649-1A11-4FBE-8A42-5AD2AE3FBBDD}.Release|x64.Build.0 = Release|Any CPU
		{6340A649-1A11-4FBE-8A42-5AD2AE3FBBDD}.Release|x86.ActiveCfg = Release|Any CPU
		{6340A649-1A11-4FBE-8A42-5AD2AE3FBBDD}.Release|x86.Build.0 = Release|Any CPU
		{3BC11767-736D-46DD-844E-8BF198CBAD9A}.Debug|Any CPU.ActiveCfg = Debug|Any CPU
		{3BC11767-736D-46DD-844E-8BF198CBAD9A}.Debug|Any CPU.Build.0 = Debug|Any CPU
		{3BC11767-736D-46DD-844E-8BF198CBAD9A}.Debug|x64.ActiveCfg = Debug|Any CPU
		{3BC11767-736D-46DD-844E-8BF198CBAD9A}.Debug|x64.Build.0 = Debug|Any CPU
		{3BC11767-736D-46DD-844E-8BF198CBAD9A}.Debug|x86.ActiveCfg = Debug|Any CPU
		{3BC11767-736D-46DD-844E-8BF198CBAD9A}.Debug|x86.Build.0 = Debug|Any CPU
		{3BC11767-736D-46DD-844E-8BF198CBAD9A}.Release|Any CPU.ActiveCfg = Release|Any CPU
		{3BC11767-736D-46DD-844E-8BF198CBAD9A}.Release|Any CPU.Build.0 = Release|Any CPU
		{3BC11767-736D-46DD-844E-8BF198CBAD9A}.Release|x64.ActiveCfg = Release|Any CPU
		{3BC11767-736D-46DD-844E-8BF198CBAD9A}.Release|x64.Build.0 = Release|Any CPU
		{3BC11767-736D-46DD-844E-8BF198CBAD9A}.Release|x86.ActiveCfg = Release|Any CPU
		{3BC11767-736D-46DD-844E-8BF198CBAD9A}.Release|x86.Build.0 = Release|Any CPU
	EndGlobalSection
	GlobalSection(SolutionProperties) = preSolution
		HideSolutionNode = FALSE
	EndGlobalSection
EndGlobal
